
Microsoft Visual Studio Solution File, Format Version 12.00
# Visual Studio Version 17
VisualStudioVersion = 17.14.36221.1 d17.14
MinimumVisualStudioVersion = 10.0.40219.1
Project("{FAE04EC0-301F-11D3-BF4B-00C04F79EFBC}") = "01. Integer Operations", "01. Integer Operations\01. Integer Operations.csproj", "{164CCB39-3C24-4DF4-BD89-685100338C72}"
EndProject
Project("{FAE04EC0-301F-11D3-BF4B-00C04F79EFBC}") = "02. Sum Digits", "02. Sum Digits\02. Sum Digits.csproj", "{BE3ADA71-809B-414F-ADF9-2CF29A814027}"
EndProject
Project("{FAE04EC0-301F-11D3-BF4B-00C04F79EFBC}") = "03. Elevator", "03. Elevator\03. Elevator.csproj", "{62B403C9-EE23-43D2-9563-6FC8CDEC16F1}"
EndProject
Project("{FAE04EC0-301F-11D3-BF4B-00C04F79EFBC}") = "04. Sum of Chars", "04. Sum of Chars\04. Sum of Chars.csproj", "{776649FA-1025-4463-B3F8-FD2CB9EF5430}"
EndProject
Project("{FAE04EC0-301F-11D3-BF4B-00C04F79EFBC}") = "05. Print Part Of ASCII Table", "05. Print Part Of ASCII Table\05. Print Part Of ASCII Table.csproj", "{D24E18E4-07D9-4A80-902A-3AF62B4B4A6F}"
EndProject
Project("{FAE04EC0-301F-11D3-BF4B-00C04F79EFBC}") = "06. Triples of Latin Letters", "06. Triples of Latin Letters\06. Triples of Latin Letters.csproj", "{70905201-3D3F-467E-AF80-41C80AE3D545}"
EndProject
Project("{FAE04EC0-301F-11D3-BF4B-00C04F79EFBC}") = "07. Water Overflow", "07. Water Overflow\07. Water Overflow.csproj", "{F19B48EF-C744-40BF-97B5-B0E1787C7D96}"
EndProject
Project("{FAE04EC0-301F-11D3-BF4B-00C04F79EFBC}") = "08. Beer Kegs", "08. Beer Kegs\08. Beer Kegs.csproj", "{63CE2AB0-14AD-4A6F-94DA-E4EF05A45549}"
EndProject
Project("{FAE04EC0-301F-11D3-BF4B-00C04F79EFBC}") = "09. Spice Must Flow", "09. Spice Must Flow\09. Spice Must Flow.csproj", "{ECF1730E-2C0A-47FD-A072-5D8A975595AC}"
EndProject
Project("{FAE04EC0-301F-11D3-BF4B-00C04F79EFBC}") = "10. Poke Mon", "10. Poke Mon\10. Poke Mon.csproj", "{E548BD81-413D-4EBD-9863-141A72F78AF2}"
EndProject
Project("{FAE04EC0-301F-11D3-BF4B-00C04F79EFBC}") = "11. Snowballs", "11. Snowballs\11. Snowballs.csproj", "{1884CDB3-BEC1-47F0-8AAC-D85D4DDF78D7}"
EndProject
Global
	GlobalSection(SolutionConfigurationPlatforms) = preSolution
		Debug|Any CPU = Debug|Any CPU
		Release|Any CPU = Release|Any CPU
	EndGlobalSection
	GlobalSection(ProjectConfigurationPlatforms) = postSolution
		{164CCB39-3C24-4DF4-BD89-685100338C72}.Debug|Any CPU.ActiveCfg = Debug|Any CPU
		{164CCB39-3C24-4DF4-BD89-685100338C72}.Debug|Any CPU.Build.0 = Debug|Any CPU
		{164CCB39-3C24-4DF4-BD89-685100338C72}.Release|Any CPU.ActiveCfg = Release|Any CPU
		{164CCB39-3C24-4DF4-BD89-685100338C72}.Release|Any CPU.Build.0 = Release|Any CPU
		{BE3ADA71-809B-414F-ADF9-2CF29A814027}.Debug|Any CPU.ActiveCfg = Debug|Any CPU
		{BE3ADA71-809B-414F-ADF9-2CF29A814027}.Debug|Any CPU.Build.0 = Debug|Any CPU
		{BE3ADA71-809B-414F-ADF9-2CF29A814027}.Release|Any CPU.ActiveCfg = Release|Any CPU
		{BE3ADA71-809B-414F-ADF9-2CF29A814027}.Release|Any CPU.Build.0 = Release|Any CPU
		{62B403C9-EE23-43D2-9563-6FC8CDEC16F1}.Debug|Any CPU.ActiveCfg = Debug|Any CPU
		{62B403C9-EE23-43D2-9563-6FC8CDEC16F1}.Debug|Any CPU.Build.0 = Debug|Any CPU
		{62B403C9-EE23-43D2-9563-6FC8CDEC16F1}.Release|Any CPU.ActiveCfg = Release|Any CPU
		{62B403C9-EE23-43D2-9563-6FC8CDEC16F1}.Release|Any CPU.Build.0 = Release|Any CPU
		{776649FA-1025-4463-B3F8-FD2CB9EF5430}.Debug|Any CPU.ActiveCfg = Debug|Any CPU
		{776649FA-1025-4463-B3F8-FD2CB9EF5430}.Debug|Any CPU.Build.0 = Debug|Any CPU
		{776649FA-1025-4463-B3F8-FD2CB9EF5430}.Release|Any CPU.ActiveCfg = Release|Any CPU
		{776649FA-1025-4463-B3F8-FD2CB9EF5430}.Release|Any CPU.Build.0 = Release|Any CPU
		{D24E18E4-07D9-4A80-902A-3AF62B4B4A6F}.Debug|Any CPU.ActiveCfg = Debug|Any CPU
		{D24E18E4-07D9-4A80-902A-3AF62B4B4A6F}.Debug|Any CPU.Build.0 = Debug|Any CPU
		{D24E18E4-07D9-4A80-902A-3AF62B4B4A6F}.Release|Any CPU.ActiveCfg = Release|Any CPU
		{D24E18E4-07D9-4A80-902A-3AF62B4B4A6F}.Release|Any CPU.Build.0 = Release|Any CPU
		{70905201-3D3F-467E-AF80-41C80AE3D545}.Debug|Any CPU.ActiveCfg = Debug|Any CPU
		{70905201-3D3F-467E-AF80-41C80AE3D545}.Debug|Any CPU.Build.0 = Debug|Any CPU
		{70905201-3D3F-467E-AF80-41C80AE3D545}.Release|Any CPU.ActiveCfg = Release|Any CPU
		{70905201-3D3F-467E-AF80-41C80AE3D545}.Release|Any CPU.Build.0 = Release|Any CPU
		{F19B48EF-C744-40BF-97B5-B0E1787C7D96}.Debug|Any CPU.ActiveCfg = Debug|Any CPU
		{F19B48EF-C744-40BF-97B5-B0E1787C7D96}.Debug|Any CPU.Build.0 = Debug|Any CPU
		{F19B48EF-C744-40BF-97B5-B0E1787C7D96}.Release|Any CPU.ActiveCfg = Release|Any CPU
		{F19B48EF-C744-40BF-97B5-B0E1787C7D96}.Release|Any CPU.Build.0 = Release|Any CPU
		{63CE2AB0-14AD-4A6F-94DA-E4EF05A45549}.Debug|Any CPU.ActiveCfg = Debug|Any CPU
		{63CE2AB0-14AD-4A6F-94DA-E4EF05A45549}.Debug|Any CPU.Build.0 = Debug|Any CPU
		{63CE2AB0-14AD-4A6F-94DA-E4EF05A45549}.Release|Any CPU.ActiveCfg = Release|Any CPU
		{63CE2AB0-14AD-4A6F-94DA-E4EF05A45549}.Release|Any CPU.Build.0 = Release|Any CPU
		{ECF1730E-2C0A-47FD-A072-5D8A975595AC}.Debug|Any CPU.ActiveCfg = Debug|Any CPU
		{ECF1730E-2C0A-47FD-A072-5D8A975595AC}.Debug|Any CPU.Build.0 = Debug|Any CPU
		{ECF1730E-2C0A-47FD-A072-5D8A975595AC}.Release|Any CPU.ActiveCfg = Release|Any CPU
		{ECF1730E-2C0A-47FD-A072-5D8A975595AC}.Release|Any CPU.Build.0 = Release|Any CPU
		{E548BD81-413D-4EBD-9863-141A72F78AF2}.Debug|Any CPU.ActiveCfg = Debug|Any CPU
		{E548BD81-413D-4EBD-9863-141A72F78AF2}.Debug|Any CPU.Build.0 = Debug|Any CPU
		{E548BD81-413D-4EBD-9863-141A72F78AF2}.Release|Any CPU.ActiveCfg = Release|Any CPU
		{E548BD81-413D-4EBD-9863-141A72F78AF2}.Release|Any CPU.Build.0 = Release|Any CPU
		{1884CDB3-BEC1-47F0-8AAC-D85D4DDF78D7}.Debug|Any CPU.ActiveCfg = Debug|Any CPU
		{1884CDB3-BEC1-47F0-8AAC-D85D4DDF78D7}.Debug|Any CPU.Build.0 = Debug|Any CPU
		{1884CDB3-BEC1-47F0-8AAC-D85D4DDF78D7}.Release|Any CPU.ActiveCfg = Release|Any CPU
		{1884CDB3-BEC1-47F0-8AAC-D85D4DDF78D7}.Release|Any CPU.Build.0 = Release|Any CPU
	EndGlobalSection
	GlobalSection(SolutionProperties) = preSolution
		HideSolutionNode = FALSE
	EndGlobalSection
	GlobalSection(ExtensibilityGlobals) = postSolution
		SolutionGuid = {0D907002-77C4-4E53-BCE5-70ADF5130D0D}
	EndGlobalSection
EndGlobal
