
Microsoft Visual Studio Solution File, Format Version 12.00
# Visual Studio Version 17
VisualStudioVersion = 17.14.36221.1 d17.14
MinimumVisualStudioVersion = 10.0.40219.1
Project("{FAE04EC0-301F-11D3-BF4B-00C04F79EFBC}") = "Lab Data Types and Variables", "Lab Data Types and Variables\Lab Data Types and Variables.csproj", "{C3719B6B-CB64-4B12-9769-D55714538FE0}"
EndProject
Global
	GlobalSection(SolutionConfigurationPlatforms) = preSolution
		Debug|Any CPU = Debug|Any CPU
		Release|Any CPU = Release|Any CPU
	EndGlobalSection
	GlobalSection(ProjectConfigurationPlatforms) = postSolution
		{C3719B6B-CB64-4B12-9769-D55714538FE0}.Debug|Any CPU.ActiveCfg = Debug|Any CPU
		{C3719B6B-CB64-4B12-9769-D55714538FE0}.Debug|Any CPU.Build.0 = Debug|Any CPU
		{C3719B6B-CB64-4B12-9769-D55714538FE0}.Release|Any CPU.ActiveCfg = Release|Any CPU
		{C3719B6B-CB64-4B12-9769-D55714538FE0}.Release|Any CPU.Build.0 = Release|Any CPU
	EndGlobalSection
	GlobalSection(SolutionProperties) = preSolution
		HideSolutionNode = FALSE
	EndGlobalSection
	GlobalSection(ExtensibilityGlobals) = postSolution
		SolutionGuid = {3044F061-D745-4929-87B2-4D5095C032F5}
	EndGlobalSection
EndGlobal
