<Solution>
  <Project Path="Problem 1 - Computer Store/Problem 1 - Computer Store.csproj" />
  <Project Path="Problem 2. Shoot for the Win/Problem 2. Shoot for the Win.csproj" Id="a458ea65-d4b6-470d-bd0d-9d1840fcc85c" />
  <Project Path="Problem 3 - Memory Game/Problem 3 - Memory Game.csproj" Id="9edaf1ef-2839-420a-ae51-524eb1cd2148" />
</Solution>
